{
  "name": "babysitter",
  "lockfileVersion": 3,
  "requires": true,
  "packages": {
    "": {
      "dependencies": {
        "@wvanderen/bmad-module-td": "^0.1.12"
      }
    },
    "node_modules/@wvanderen/bmad-module-td": {
      "version": "0.1.12",
      "resolved": "https://registry.npmjs.org/@wvanderen/bmad-module-td/-/bmad-module-td-0.1.12.tgz",
      "integrity": "sha512-LGuU1pYIwxig9sLTMjw/1TK+O/kWQQ2o11OJnhDPjG49Z6rLxCmPtL0NBXiHDpxi41GTgENAw8WyLTkWFVQFHA==",
      "license": "MIT",
      "engines": {
        "node": ">=22.0.0"
      }
    }
  }
}
